
Microsoft Visual Studio Solution File, Format Version 12.00
# Visual Studio Version 17
VisualStudioVersion = 17.9.34723.18
MinimumVisualStudioVersion = 10.0.40219.1
Project("{FAE04EC0-301F-11D3-BF4B-00C04F79EFBC}") = "ConsoleApp2", "ConsoleApp2\ConsoleApp2.csproj", "{E7DAD952-BC05-4264-BE4C-75D73C11625F}"
EndProject
Global
	GlobalSection(SolutionConfigurationPlatforms) = preSolution
		Debug|Any CPU = Debug|Any CPU
		Release|Any CPU = Release|Any CPU
	EndGlobalSection
	GlobalSection(ProjectConfigurationPlatforms) = postSolution
		{E7DAD952-BC05-4264-BE4C-75D73C11625F}.Debug|Any CPU.ActiveCfg = Debug|Any CPU
		{E7DAD952-BC05-4264-BE4C-75D73C11625F}.Debug|Any CPU.Build.0 = Debug|Any CPU
		{E7DAD952-BC05-4264-BE4C-75D73C11625F}.Release|Any CPU.ActiveCfg = Release|Any CPU
		{E7DAD952-BC05-4264-BE4C-75D73C11625F}.Release|Any CPU.Build.0 = Release|Any CPU
	EndGlobalSection
	GlobalSection(SolutionProperties) = preSolution
		HideSolutionNode = FALSE
	EndGlobalSection
	GlobalSection(ExtensibilityGlobals) = postSolution
		SolutionGuid = {EE69A113-51A2-41A5-BFB2-EBF951B47FC8}
	EndGlobalSection
EndGlobal
